
Microsoft Visual Studio Solution File, Format Version 9.00
# Visual Studio 2005
Project("{8BC9CEB8-8B4A-11D0-8D11-00A0C91BC942}") = "map-server", "map-server\map-server.vcproj", "{969DEDC2-F9AE-43FD-8014-A7F31BA1FE94}"
	ProjectSection(ProjectDependencies) = postProject
		{A2D4E27E-6076-42B0-B622-FFABCDCA323C} = {A2D4E27E-6076-42B0-B622-FFABCDCA323C}
	EndProjectSection
EndProject
Project("{8BC9CEB8-8B4A-11D0-8D11-00A0C91BC942}") = "char-server", "char-server\char-server.vcproj", "{23EF350D-7AC9-4880-8D21-483D9BD2041D}"
	ProjectSection(ProjectDependencies) = postProject
		{A2D4E27E-6076-42B0-B622-FFABCDCA323C} = {A2D4E27E-6076-42B0-B622-FFABCDCA323C}
	EndProjectSection
EndProject
Project("{8BC9CEB8-8B4A-11D0-8D11-00A0C91BC942}") = "login-server", "login-server\login-server.vcproj", "{4621F616-8BD3-40FC-9A5D-AB52F2AA6355}"
	ProjectSection(ProjectDependencies) = postProject
		{A2D4E27E-6076-42B0-B622-FFABCDCA323C} = {A2D4E27E-6076-42B0-B622-FFABCDCA323C}
	EndProjectSection
EndProject
Project("{8BC9CEB8-8B4A-11D0-8D11-00A0C91BC942}") = "map-server_sql", "map-server_sql\map-server_sql.vcproj", "{6A881FD3-E063-4333-8691-EE604ABF4020}"
	ProjectSection(ProjectDependencies) = postProject
		{E9051D5B-0594-4E47-BA67-55FF0C652CC7} = {E9051D5B-0594-4E47-BA67-55FF0C652CC7}
	EndProjectSection
EndProject
Project("{8BC9CEB8-8B4A-11D0-8D11-00A0C91BC942}") = "char-server_sql", "char-server_sql\char-server_sql.vcproj", "{9C4246CD-ABC7-45AE-A35E-6730886EE53E}"
	ProjectSection(ProjectDependencies) = postProject
		{E9051D5B-0594-4E47-BA67-55FF0C652CC7} = {E9051D5B-0594-4E47-BA67-55FF0C652CC7}
	EndProjectSection
EndProject
Project("{8BC9CEB8-8B4A-11D0-8D11-00A0C91BC942}") = "login-server_sql", "login-server_sql\login-server_sql.vcproj", "{7C23C608-7315-4956-A84B-75907FB9FC7E}"
	ProjectSection(ProjectDependencies) = postProject
		{E9051D5B-0594-4E47-BA67-55FF0C652CC7} = {E9051D5B-0594-4E47-BA67-55FF0C652CC7}
	EndProjectSection
EndProject
Project("{8BC9CEB8-8B4A-11D0-8D11-00A0C91BC942}") = "common", "common\common.vcproj", "{A2D4E27E-6076-42B0-B622-FFABCDCA323C}"
EndProject
Project("{8BC9CEB8-8B4A-11D0-8D11-00A0C91BC942}") = "common_sql", "common_sql\common_sql.vcproj", "{E9051D5B-0594-4E47-BA67-55FF0C652CC7}"
EndProject
Global
	GlobalSection(SolutionConfigurationPlatforms) = preSolution
		Debug|Win32 = Debug|Win32
		Release|Win32 = Release|Win32
	EndGlobalSection
	GlobalSection(ProjectConfigurationPlatforms) = postSolution
		{969DEDC2-F9AE-43FD-8014-A7F31BA1FE94}.Debug|Win32.ActiveCfg = Debug|Win32
		{969DEDC2-F9AE-43FD-8014-A7F31BA1FE94}.Debug|Win32.Build.0 = Debug|Win32
		{969DEDC2-F9AE-43FD-8014-A7F31BA1FE94}.Release|Win32.ActiveCfg = Release|Win32
		{969DEDC2-F9AE-43FD-8014-A7F31BA1FE94}.Release|Win32.Build.0 = Release|Win32
		{23EF350D-7AC9-4880-8D21-483D9BD2041D}.Debug|Win32.ActiveCfg = Debug|Win32
		{23EF350D-7AC9-4880-8D21-483D9BD2041D}.Debug|Win32.Build.0 = Debug|Win32
		{23EF350D-7AC9-4880-8D21-483D9BD2041D}.Release|Win32.ActiveCfg = Release|Win32
		{23EF350D-7AC9-4880-8D21-483D9BD2041D}.Release|Win32.Build.0 = Release|Win32
		{4621F616-8BD3-40FC-9A5D-AB52F2AA6355}.Debug|Win32.ActiveCfg = Debug|Win32
		{4621F616-8BD3-40FC-9A5D-AB52F2AA6355}.Debug|Win32.Build.0 = Debug|Win32
		{4621F616-8BD3-40FC-9A5D-AB52F2AA6355}.Release|Win32.ActiveCfg = Release|Win32
		{4621F616-8BD3-40FC-9A5D-AB52F2AA6355}.Release|Win32.Build.0 = Release|Win32
		{6A881FD3-E063-4333-8691-EE604ABF4020}.Debug|Win32.ActiveCfg = Debug|Win32
		{6A881FD3-E063-4333-8691-EE604ABF4020}.Debug|Win32.Build.0 = Debug|Win32
		{6A881FD3-E063-4333-8691-EE604ABF4020}.Release|Win32.ActiveCfg = Release|Win32
		{6A881FD3-E063-4333-8691-EE604ABF4020}.Release|Win32.Build.0 = Release|Win32
		{9C4246CD-ABC7-45AE-A35E-6730886EE53E}.Debug|Win32.ActiveCfg = Debug|Win32
		{9C4246CD-ABC7-45AE-A35E-6730886EE53E}.Debug|Win32.Build.0 = Debug|Win32
		{9C4246CD-ABC7-45AE-A35E-6730886EE53E}.Release|Win32.ActiveCfg = Release|Win32
		{9C4246CD-ABC7-45AE-A35E-6730886EE53E}.Release|Win32.Build.0 = Release|Win32
		{7C23C608-7315-4956-A84B-75907FB9FC7E}.Debug|Win32.ActiveCfg = Debug|Win32
		{7C23C608-7315-4956-A84B-75907FB9FC7E}.Debug|Win32.Build.0 = Debug|Win32
		{7C23C608-7315-4956-A84B-75907FB9FC7E}.Release|Win32.ActiveCfg = Release|Win32
		{7C23C608-7315-4956-A84B-75907FB9FC7E}.Release|Win32.Build.0 = Release|Win32
		{A2D4E27E-6076-42B0-B622-FFABCDCA323C}.Debug|Win32.ActiveCfg = Debug|Win32
		{A2D4E27E-6076-42B0-B622-FFABCDCA323C}.Debug|Win32.Build.0 = Debug|Win32
		{A2D4E27E-6076-42B0-B622-FFABCDCA323C}.Release|Win32.ActiveCfg = Release|Win32
		{A2D4E27E-6076-42B0-B622-FFABCDCA323C}.Release|Win32.Build.0 = Release|Win32
		{E9051D5B-0594-4E47-BA67-55FF0C652CC7}.Debug|Win32.ActiveCfg = Debug|Win32
		{E9051D5B-0594-4E47-BA67-55FF0C652CC7}.Debug|Win32.Build.0 = Debug|Win32
		{E9051D5B-0594-4E47-BA67-55FF0C652CC7}.Release|Win32.ActiveCfg = Release|Win32
		{E9051D5B-0594-4E47-BA67-55FF0C652CC7}.Release|Win32.Build.0 = Release|Win32
	EndGlobalSection
	GlobalSection(SolutionProperties) = preSolution
		HideSolutionNode = FALSE
	EndGlobalSection
EndGlobal
